{
  "name": "dotfiles",
  "lockfileVersion": 2,
  "requires": true,
  "packages": {
    "": {
      "dependencies": {
        "@themerdev/colors-default": "^1.0.11",
        "@themerdev/colors-one": "^1.0.9",
        "@themerdev/vim": "^3.3.1",
        "@themerdev/vim-lightline": "^3.2.0",
        "themer": "^3.3.9"
      }
    },
    "node_modules/@themerdev/colors-default": {
      "version": "1.0.11",
      "resolved": "https://registry.npmjs.org/@themerdev/colors-default/-/colors-default-1.0.11.tgz",
      "integrity": "sha512-9hhVsnxR8+YOTN6MaHQhteUTwY5PmJn0+LQ3YyYT+D2Uva/yVf+5pppjr0j0i+hSoQn9MTlQDKO3KcqRXhZBaA==",
      "engines": {
        "node": ">=6.11"
      }
    },
    "node_modules/@themerdev/colors-one": {
      "version": "1.0.9",
      "resolved": "https://registry.npmjs.org/@themerdev/colors-one/-/colors-one-1.0.9.tgz",
      "integrity": "sha512-HF+K3gIc6/u7QTXgNxA42016P6cVqYVFcd9fjn2CZsUFCS5RivjvpK2tqWU7dm3gbqclOAOwRUxsTqAWKLJBbA==",
      "engines": {
        "node": ">=6.11"
      }
    },
    "node_modules/@themerdev/vim": {
      "version": "3.3.1",
      "resolved": "https://registry.npmjs.org/@themerdev/vim/-/vim-3.3.1.tgz",
      "integrity": "sha512-acmPPy835Pk6i2K0v66pl3HnBvNFNiTjh2AdA1iaECYGmIUoG0Ey1ht9Ae6sEaCd5qSFq76D+/lo0eH/Otzidg==",
      "dependencies": {
        "color-convert": "^2.0.1"
      },
      "engines": {
        "node": ">=8.11.4"
      },
      "peerDependencies": {
        "themer": "^1.0.2||^2||^3"
      }
    },
    "node_modules/@themerdev/vim-lightline": {
      "version": "3.2.0",
      "resolved": "https://registry.npmjs.org/@themerdev/vim-lightline/-/vim-lightline-3.2.0.tgz",
      "integrity": "sha512-ySIzTKPPbkjs+gyQC521jcL9PoRlH24tVxmnX+A7f7KRDL4Gt2gLjYi5h+gC9myxt9FsbFCdvul2jg5v+hNHOA==",
      "engines": {
        "node": ">=8.11.4"
      },
      "peerDependencies": {
        "themer": "^1.0.2||^2||^3"
      }
    },
    "node_modules/argparse": {
      "version": "2.0.1",
      "resolved": "https://registry.npmjs.org/argparse/-/argparse-2.0.1.tgz",
      "integrity": "sha512-8+9WqebbFzpX9OR+Wa6O29asIogeRMzcGtAINdpMHHyAg10f05aSFVBbcEqGf/PXw1EjAZ+q2/bEBg3DvurK3Q=="
    },
    "node_modules/color-convert": {
      "version": "2.0.1",
      "resolved": "https://registry.npmjs.org/color-convert/-/color-convert-2.0.1.tgz",
      "integrity": "sha512-RRECPsj7iu/xb5oKYcsFHSppFNnsj/52OVTRKb4zP5onXwVF3zVmmToNcOfGC+CRDpfK/U584fMg38ZHCaElKQ==",
      "dependencies": {
        "color-name": "~1.1.4"
      },
      "engines": {
        "node": ">=7.0.0"
      }
    },
    "node_modules/color-name": {
      "version": "1.1.4",
      "resolved": "https://registry.npmjs.org/color-name/-/color-name-1.1.4.tgz",
      "integrity": "sha512-dOy+3AuW3a2wNbZHIuMZpTcgjGuLU/uBL/ubcZF9OXbDo8ff4O8yVp5Bf0efS8uEoYo5q4Fx7dY9OgQGXgAsQA=="
    },
    "node_modules/color-steps": {
      "version": "1.0.2",
      "resolved": "https://registry.npmjs.org/color-steps/-/color-steps-1.0.2.tgz",
      "integrity": "sha512-Pj8QfvoFakPb6kPcovfbJzoxPObzYUj7XhNCO2xiC7z8TdjOoMNwMOyIa2nLFP6JKssnAHAfI8EaqhaJg3uWVg==",
      "dependencies": {
        "onecolor": "^3.0.5"
      },
      "bin": {
        "color-steps": "cli.js"
      },
      "engines": {
        "node": ">=6.12.2"
      }
    },
    "node_modules/js-yaml": {
      "version": "4.1.0",
      "resolved": "https://registry.npmjs.org/js-yaml/-/js-yaml-4.1.0.tgz",
      "integrity": "sha512-wpxZs9NoxZaJESJGIZTyDEaYpl0FKSA+FB9aJiyemKhMwkxQg63h4T1KJgUGHpTqPDNRcmmYLugrRjJlBtWvRA==",
      "dependencies": {
        "argparse": "^2.0.1"
      },
      "bin": {
        "js-yaml": "bin/js-yaml.js"
      }
    },
    "node_modules/minimist": {
      "version": "1.2.6",
      "resolved": "https://registry.npmjs.org/minimist/-/minimist-1.2.6.tgz",
      "integrity": "sha512-Jsjnk4bw3YJqYzbdyBiNsPWHPfO++UGG749Cxs6peCu5Xg4nrena6OVxOYxrQTqww0Jmwt+Ref8rggumkTLz9Q=="
    },
    "node_modules/onecolor": {
      "version": "3.1.0",
      "resolved": "https://registry.npmjs.org/onecolor/-/onecolor-3.1.0.tgz",
      "integrity": "sha512-YZSypViXzu3ul5LMu/m6XjJ9ol8qAy9S2VjHl5E6UlhUH1KGKWabyEJifn0Jjpw23bYDzC2ucKMPGiH5kfwSGQ==",
      "engines": {
        "node": ">=0.4.8"
      }
    },
    "node_modules/themer": {
      "version": "3.3.9",
      "resolved": "https://registry.npmjs.org/themer/-/themer-3.3.9.tgz",
      "integrity": "sha512-34+8GXhNBuV+kcJuaKNgGkzIMgCdKX2sRNUHOCRSfnff5Pq7KeAd7QEdAgT3uuy4mLvOLrpABrkbIKSvM+Qqtg==",
      "dependencies": {
        "color-steps": "^1.0.1",
        "js-yaml": "^4.1.0",
        "minimist": "^1.2.5",
        "onecolor": "^3.0.5"
      },
      "bin": {
        "themer": "bin/themer.js"
      },
      "engines": {
        "node": ">=8.9.4"
      },
      "funding": {
        "type": "github",
        "url": "https://github.com/sponsors/themerdev"
      }
    }
  },
  "dependencies": {
    "@themerdev/colors-default": {
      "version": "1.0.11",
      "resolved": "https://registry.npmjs.org/@themerdev/colors-default/-/colors-default-1.0.11.tgz",
      "integrity": "sha512-9hhVsnxR8+YOTN6MaHQhteUTwY5PmJn0+LQ3YyYT+D2Uva/yVf+5pppjr0j0i+hSoQn9MTlQDKO3KcqRXhZBaA=="
    },
    "@themerdev/colors-one": {
      "version": "1.0.9",
      "resolved": "https://registry.npmjs.org/@themerdev/colors-one/-/colors-one-1.0.9.tgz",
      "integrity": "sha512-HF+K3gIc6/u7QTXgNxA42016P6cVqYVFcd9fjn2CZsUFCS5RivjvpK2tqWU7dm3gbqclOAOwRUxsTqAWKLJBbA=="
    },
    "@themerdev/vim": {
      "version": "3.3.1",
      "resolved": "https://registry.npmjs.org/@themerdev/vim/-/vim-3.3.1.tgz",
      "integrity": "sha512-acmPPy835Pk6i2K0v66pl3HnBvNFNiTjh2AdA1iaECYGmIUoG0Ey1ht9Ae6sEaCd5qSFq76D+/lo0eH/Otzidg==",
      "requires": {
        "color-convert": "^2.0.1"
      }
    },
    "@themerdev/vim-lightline": {
      "version": "3.2.0",
      "resolved": "https://registry.npmjs.org/@themerdev/vim-lightline/-/vim-lightline-3.2.0.tgz",
      "integrity": "sha512-ySIzTKPPbkjs+gyQC521jcL9PoRlH24tVxmnX+A7f7KRDL4Gt2gLjYi5h+gC9myxt9FsbFCdvul2jg5v+hNHOA==",
      "requires": {}
    },
    "argparse": {
      "version": "2.0.1",
      "resolved": "https://registry.npmjs.org/argparse/-/argparse-2.0.1.tgz",
      "integrity": "sha512-8+9WqebbFzpX9OR+Wa6O29asIogeRMzcGtAINdpMHHyAg10f05aSFVBbcEqGf/PXw1EjAZ+q2/bEBg3DvurK3Q=="
    },
    "color-convert": {
      "version": "2.0.1",
      "resolved": "https://registry.npmjs.org/color-convert/-/color-convert-2.0.1.tgz",
      "integrity": "sha512-RRECPsj7iu/xb5oKYcsFHSppFNnsj/52OVTRKb4zP5onXwVF3zVmmToNcOfGC+CRDpfK/U584fMg38ZHCaElKQ==",
      "requires": {
        "color-name": "~1.1.4"
      }
    },
    "color-name": {
      "version": "1.1.4",
      "resolved": "https://registry.npmjs.org/color-name/-/color-name-1.1.4.tgz",
      "integrity": "sha512-dOy+3AuW3a2wNbZHIuMZpTcgjGuLU/uBL/ubcZF9OXbDo8ff4O8yVp5Bf0efS8uEoYo5q4Fx7dY9OgQGXgAsQA=="
    },
    "color-steps": {
      "version": "1.0.2",
      "resolved": "https://registry.npmjs.org/color-steps/-/color-steps-1.0.2.tgz",
      "integrity": "sha512-Pj8QfvoFakPb6kPcovfbJzoxPObzYUj7XhNCO2xiC7z8TdjOoMNwMOyIa2nLFP6JKssnAHAfI8EaqhaJg3uWVg==",
      "requires": {
        "onecolor": "^3.0.5"
      }
    },
    "js-yaml": {
      "version": "4.1.0",
      "resolved": "https://registry.npmjs.org/js-yaml/-/js-yaml-4.1.0.tgz",
      "integrity": "sha512-wpxZs9NoxZaJESJGIZTyDEaYpl0FKSA+FB9aJiyemKhMwkxQg63h4T1KJgUGHpTqPDNRcmmYLugrRjJlBtWvRA==",
      "requires": {
        "argparse": "^2.0.1"
      }
    },
    "minimist": {
      "version": "1.2.6",
      "resolved": "https://registry.npmjs.org/minimist/-/minimist-1.2.6.tgz",
      "integrity": "sha512-Jsjnk4bw3YJqYzbdyBiNsPWHPfO++UGG749Cxs6peCu5Xg4nrena6OVxOYxrQTqww0Jmwt+Ref8rggumkTLz9Q=="
    },
    "onecolor": {
      "version": "3.1.0",
      "resolved": "https://registry.npmjs.org/onecolor/-/onecolor-3.1.0.tgz",
      "integrity": "sha512-YZSypViXzu3ul5LMu/m6XjJ9ol8qAy9S2VjHl5E6UlhUH1KGKWabyEJifn0Jjpw23bYDzC2ucKMPGiH5kfwSGQ=="
    },
    "themer": {
      "version": "3.3.9",
      "resolved": "https://registry.npmjs.org/themer/-/themer-3.3.9.tgz",
      "integrity": "sha512-34+8GXhNBuV+kcJuaKNgGkzIMgCdKX2sRNUHOCRSfnff5Pq7KeAd7QEdAgT3uuy4mLvOLrpABrkbIKSvM+Qqtg==",
      "requires": {
        "color-steps": "^1.0.1",
        "js-yaml": "^4.1.0",
        "minimist": "^1.2.5",
        "onecolor": "^3.0.5"
      }
    }
  }
}
